
Microsoft Visual Studio Solution File, Format Version 12.00
# Visual Studio 2012
Project("{8BC9CEB8-8B4A-11D0-8D11-00A0C91BC942}") = "ANN_Bot_2", "ANN_Bot_2.vcxproj", "{13ABA378-0B47-428F-9EB7-03704921F3A0}"
EndProject
Global
	GlobalSection(SolutionConfigurationPlatforms) = preSolution
		Debug|Win32 = Debug|Win32
		Release|Win32 = Release|Win32
	EndGlobalSection
	GlobalSection(ProjectConfigurationPlatforms) = postSolution
		{13ABA378-0B47-428F-9EB7-03704921F3A0}.Debug|Win32.ActiveCfg = Debug|Win32
		{13ABA378-0B47-428F-9EB7-03704921F3A0}.Debug|Win32.Build.0 = Debug|Win32
		{13ABA378-0B47-428F-9EB7-03704921F3A0}.Release|Win32.ActiveCfg = Release|Win32
		{13ABA378-0B47-428F-9EB7-03704921F3A0}.Release|Win32.Build.0 = Release|Win32
	EndGlobalSection
	GlobalSection(SolutionProperties) = preSolution
		HideSolutionNode = FALSE
	EndGlobalSection
EndGlobal
