<?xml version="1.0" encoding="utf-8"?>
<Project ToolsVersion="4.0" xmlns="http://schemas.microsoft.com/developer/msbuild/2003">
  <ItemGroup>
    <Filter Include="Source Files">
      <UniqueIdentifier>{efc6077a-9552-47fd-9249-f0d879f362b0}</UniqueIdentifier>
      <Extensions>cpp;c;cxx;rc;def;r;odl;idl;hpj;bat</Extensions>
    </Filter>
    <Filter Include="Header Files">
      <UniqueIdentifier>{cbf27673-ff08-4d85-bd44-fb656c9e1ce4}</UniqueIdentifier>
      <Extensions>h;hpp;hxx;hm;inl</Extensions>
    </Filter>
  </ItemGroup>
  <ItemGroup>
    <ClCompile Include="main.cpp">
      <Filter>Source Files</Filter>
    </ClCompile>
    <ClCompile Include="windowsspec.cpp">
      <Filter>Source Files</Filter>
    </ClCompile>
  </ItemGroup>
  <ItemGroup>
    <ResourceCompile Include="..\..\torcs.rc">
      <Filter>Source Files</Filter>
    </ResourceCompile>
  </ItemGroup>
  <ItemGroup>
    <ClInclude Include="..\libs\torcs\driverconfig.h">
      <Filter>Header Files</Filter>
    </ClInclude>
    <ClInclude Include="..\libs\torcs\exitmenu.h">
      <Filter>Header Files</Filter>
    </ClInclude>
    <ClInclude Include="..\libs\torcs\mainmenu.h">
      <Filter>Header Files</Filter>
    </ClInclude>
    <ClInclude Include="..\libs\torcs\optionmenu.h">
      <Filter>Header Files</Filter>
    </ClInclude>
    <ClInclude Include="osspec.h">
      <Filter>Header Files</Filter>
    </ClInclude>
    <ClInclude Include="..\libs\torcs\raceman.h">
      <Filter>Header Files</Filter>
    </ClInclude>
    <ClInclude Include="..\libs\torcs\splash.h">
      <Filter>Header Files</Filter>
    </ClInclude>
    <ClInclude Include="..\libs\torcs\torcs.h">
      <Filter>Header Files</Filter>
    </ClInclude>
    <ClInclude Include="windowsspec.h">
      <Filter>Header Files</Filter>
    </ClInclude>
  </ItemGroup>
  <ItemGroup>
    <Image Include="..\..\Ticon.ico" />
  </ItemGroup>
</Project>