<?xml version="1.0" encoding="utf-8"?>
<Project ToolsVersion="4.0" xmlns="http://schemas.microsoft.com/developer/msbuild/2003">
  <ItemGroup>
    <Filter Include="Source Files">
      <UniqueIdentifier>{c96b66d1-7bf4-4ec7-a260-7621e76d0ff7}</UniqueIdentifier>
      <Extensions>cpp;c;cxx;rc;def;r;odl;idl;hpj;bat</Extensions>
    </Filter>
    <Filter Include="Header Files">
      <UniqueIdentifier>{b5105357-ddad-4fa5-893f-00f58ce4eec1}</UniqueIdentifier>
      <Extensions>h;hpp;hxx;hm;inl</Extensions>
    </Filter>
    <Filter Include="Resource Files">
      <UniqueIdentifier>{a82235cd-da68-437f-adfa-1f1f2f59dd4b}</UniqueIdentifier>
      <Extensions>ico;cur;bmp;dlg;rc2;rct;bin;rgs;gif;jpg;jpeg;jpe</Extensions>
    </Filter>
  </ItemGroup>
  <ItemGroup>
    <ClCompile Include="ac3dgroup.cpp">
      <Filter>Source Files</Filter>
    </ClCompile>
    <ClCompile Include="ac3dload.cpp">
      <Filter>Source Files</Filter>
    </ClCompile>
    <ClCompile Include="mainaccc.cpp">
      <Filter>Source Files</Filter>
    </ClCompile>
  </ItemGroup>
  <ItemGroup>
    <ClInclude Include="accc.h">
      <Filter>Header Files</Filter>
    </ClInclude>
  </ItemGroup>
</Project>