<?xml version="1.0" encoding="utf-8"?>
<Project ToolsVersion="4.0" xmlns="http://schemas.microsoft.com/developer/msbuild/2003">
  <ItemGroup>
    <Filter Include="Source Files">
      <UniqueIdentifier>{26ff19e9-d343-4777-a53e-e6bc9bca5ae8}</UniqueIdentifier>
      <Extensions>cpp;c;cxx;rc;def;r;odl;idl;hpj;bat</Extensions>
    </Filter>
    <Filter Include="Header Files">
      <UniqueIdentifier>{362c31e0-3b1f-43d1-8f81-d46f6b874202}</UniqueIdentifier>
      <Extensions>h;hpp;hxx;hm;inl</Extensions>
    </Filter>
  </ItemGroup>
  <ItemGroup>
    <ClCompile Include="track.cpp">
      <Filter>Source Files</Filter>
    </ClCompile>
    <ClCompile Include="track3.cpp">
      <Filter>Source Files</Filter>
    </ClCompile>
    <ClCompile Include="track4.cpp">
      <Filter>Source Files</Filter>
    </ClCompile>
    <ClCompile Include="trackitf.cpp">
      <Filter>Source Files</Filter>
    </ClCompile>
    <ClCompile Include="trackutil.cpp">
      <Filter>Source Files</Filter>
    </ClCompile>
  </ItemGroup>
  <ItemGroup>
    <None Include="track.def">
      <Filter>Source Files</Filter>
    </None>
  </ItemGroup>
  <ItemGroup>
    <ClInclude Include="trackinc.h">
      <Filter>Header Files</Filter>
    </ClInclude>
  </ItemGroup>
</Project>