<?xml version="1.0" encoding="utf-8"?>
<Project ToolsVersion="4.0" xmlns="http://schemas.microsoft.com/developer/msbuild/2003">
  <ItemGroup>
    <Filter Include="Source Files">
      <UniqueIdentifier>{ee00825f-a332-4def-8ba2-f282628d5786}</UniqueIdentifier>
      <Extensions>cpp;c;cxx;rc;def;r;odl;idl;hpj;bat</Extensions>
    </Filter>
    <Filter Include="Header Files">
      <UniqueIdentifier>{468b12a5-204a-48ae-8580-fc4ea19092dd}</UniqueIdentifier>
      <Extensions>h;hpp;hxx;hm;inl</Extensions>
    </Filter>
  </ItemGroup>
  <ItemGroup>
    <ClCompile Include="cardata.cpp">
      <Filter>Source Files</Filter>
    </ClCompile>
    <ClCompile Include="driver.cpp">
      <Filter>Source Files</Filter>
    </ClCompile>
    <ClCompile Include="learn.cpp">
      <Filter>Source Files</Filter>
    </ClCompile>
    <ClCompile Include="opponent.cpp">
      <Filter>Source Files</Filter>
    </ClCompile>
    <ClCompile Include="pit.cpp">
      <Filter>Source Files</Filter>
    </ClCompile>
    <ClCompile Include="spline.cpp">
      <Filter>Source Files</Filter>
    </ClCompile>
    <ClCompile Include="strategy.cpp">
      <Filter>Source Files</Filter>
    </ClCompile>
    <ClCompile Include="ANN_Bot.cpp">
      <Filter>Source Files</Filter>
    </ClCompile>
    <ClCompile Include="AnnAIController.cpp">
      <Filter>Source Files</Filter>
    </ClCompile>
    <ClCompile Include="NeuralNetwork.cpp">
      <Filter>Source Files</Filter>
    </ClCompile>
  </ItemGroup>
  <ItemGroup>
    <None Include="ANN_Bot.def">
      <Filter>Source Files</Filter>
    </None>
  </ItemGroup>
  <ItemGroup>
    <ClInclude Include="cardata.h">
      <Filter>Header Files</Filter>
    </ClInclude>
    <ClInclude Include="driver.h">
      <Filter>Header Files</Filter>
    </ClInclude>
    <ClInclude Include="learn.h">
      <Filter>Header Files</Filter>
    </ClInclude>
    <ClInclude Include="opponent.h">
      <Filter>Header Files</Filter>
    </ClInclude>
    <ClInclude Include="pit.h">
      <Filter>Header Files</Filter>
    </ClInclude>
    <ClInclude Include="spline.h">
      <Filter>Header Files</Filter>
    </ClInclude>
    <ClInclude Include="strategy.h">
      <Filter>Header Files</Filter>
    </ClInclude>
    <ClInclude Include="AnnAIController.h">
      <Filter>Header Files</Filter>
    </ClInclude>
    <ClInclude Include="NeuralNetwork.h">
      <Filter>Header Files</Filter>
    </ClInclude>
  </ItemGroup>
</Project>