<?xml version="1.0" encoding="utf-8"?>
<Project ToolsVersion="4.0" xmlns="http://schemas.microsoft.com/developer/msbuild/2003">
  <ItemGroup>
    <Filter Include="Source Files">
      <UniqueIdentifier>{6b068bff-2b82-41cc-a227-e0c03afe90d0}</UniqueIdentifier>
      <Extensions>cpp;c;cxx;rc;def;r;odl;idl;hpj;bat</Extensions>
    </Filter>
    <Filter Include="Header Files">
      <UniqueIdentifier>{5ba9ace7-2f52-4052-ad58-4f7fdc91d055}</UniqueIdentifier>
      <Extensions>h;hpp;hxx;hm;inl</Extensions>
    </Filter>
    <Filter Include="Resource Files">
      <UniqueIdentifier>{9f5c6e49-d333-4090-b563-05c7d448c265}</UniqueIdentifier>
      <Extensions>ico;cur;bmp;dlg;rc2;rct;bin;rgs;gif;jpg;jpeg;jpe</Extensions>
    </Filter>
  </ItemGroup>
  <ItemGroup>
    <ClCompile Include="ac3d.cpp">
      <Filter>Source Files</Filter>
    </ClCompile>
    <ClCompile Include="easymesh.cpp">
      <Filter>Source Files</Filter>
    </ClCompile>
    <ClCompile Include="elevation.cpp">
      <Filter>Source Files</Filter>
    </ClCompile>
    <ClCompile Include="maintrackgen.cpp">
      <Filter>Source Files</Filter>
    </ClCompile>
    <ClCompile Include="objects.cpp">
      <Filter>Source Files</Filter>
    </ClCompile>
    <ClCompile Include="raceline.cpp">
      <Filter>Source Files</Filter>
    </ClCompile>
    <ClCompile Include="relief.cpp">
      <Filter>Source Files</Filter>
    </ClCompile>
    <ClCompile Include="track.cpp">
      <Filter>Source Files</Filter>
    </ClCompile>
    <ClCompile Include="util.cpp">
      <Filter>Source Files</Filter>
    </ClCompile>
    <ClCompile Include="..\..\windows\windowsspec.cpp">
      <Filter>Source Files</Filter>
    </ClCompile>
  </ItemGroup>
  <ItemGroup>
    <ClInclude Include="trackgen.h">
      <Filter>Header Files</Filter>
    </ClInclude>
  </ItemGroup>
</Project>